
Microsoft Visual Studio Solution File, Format Version 12.00
# Visual Studio 15
VisualStudioVersion = 15.0.28307.539
MinimumVisualStudioVersion = 10.0.40219.1
Project("{E24C65DC-7377-472B-9ABA-BC803B73C61A}") = "Week1", ".", "{CCCA95EA-DD10-41D4-841A-28CA058D0308}"
	ProjectSection(WebsiteProperties) = preProject
		TargetFrameworkMoniker = ".NETFramework,Version%3Dv4.0"
		Debug.AspNetCompiler.VirtualPath = "/localhost_50418"
		Debug.AspNetCompiler.PhysicalPath = "..\Week1\"
		Debug.AspNetCompiler.TargetPath = "PrecompiledWeb\localhost_50418\"
		Debug.AspNetCompiler.Updateable = "true"
		Debug.AspNetCompiler.ForceOverwrite = "true"
		Debug.AspNetCompiler.FixedNames = "false"
		Debug.AspNetCompiler.Debug = "True"
		Release.AspNetCompiler.VirtualPath = "/localhost_50418"
		Release.AspNetCompiler.PhysicalPath = "..\Week1\"
		Release.AspNetCompiler.TargetPath = "PrecompiledWeb\localhost_50418\"
		Release.AspNetCompiler.Updateable = "true"
		Release.AspNetCompiler.ForceOverwrite = "true"
		Release.AspNetCompiler.FixedNames = "false"
		Release.AspNetCompiler.Debug = "False"
		VWDPort = "50418"
		SlnRelativePath = "..\Week1\"
	EndProjectSection
EndProject
Global
	GlobalSection(SolutionConfigurationPlatforms) = preSolution
		Debug|Any CPU = Debug|Any CPU
	EndGlobalSection
	GlobalSection(ProjectConfigurationPlatforms) = postSolution
		{CCCA95EA-DD10-41D4-841A-28CA058D0308}.Debug|Any CPU.ActiveCfg = Debug|Any CPU
		{CCCA95EA-DD10-41D4-841A-28CA058D0308}.Debug|Any CPU.Build.0 = Debug|Any CPU
	EndGlobalSection
	GlobalSection(SolutionProperties) = preSolution
		HideSolutionNode = FALSE
	EndGlobalSection
	GlobalSection(ExtensibilityGlobals) = postSolution
		SolutionGuid = {BFAF70C1-9242-4FDE-A550-934A2B2885C4}
	EndGlobalSection
EndGlobal
